// !$*UTF8*$!
{
	archiveVersion = 1;
	classes = {
	};
	objectVersion = 50;
	objects = {

/* Begin PBXBuildFile section */
		8467F4E6254082E900DFF666 /* AppDelegate.swift in Sources */ = {isa = PBXBuildFile; fileRef = 8467F4E5254082E900DFF666 /* AppDelegate.swift */; };
		8467F4E8254082E900DFF666 /* SceneDelegate.swift in Sources */ = {isa = PBXBuildFile; fileRef = 8467F4E7254082E900DFF666 /* SceneDelegate.swift */; };
		8467F4EA254082E900DFF666 /* ViewController.swift in Sources */ = {isa = PBXBuildFile; fileRef = 8467F4E9254082E900DFF666 /* ViewController.swift */; };
		8467F4ED254082E900DFF666 /* Main.storyboard in Resources */ = {isa = PBXBuildFile; fileRef = 8467F4EB254082E900DFF666 /* Main.storyboard */; };
		8467F4F0254082EA00DFF666 /* WeatherApp.xcdatamodeld in Sources */ = {isa = PBXBuildFile; fileRef = 8467F4EE254082EA00DFF666 /* WeatherApp.xcdatamodeld */; };
		8467F4F2254082FD00DFF666 /* Assets.xcassets in Resources */ = {isa = PBXBuildFile; fileRef = 8467F4F1254082FD00DFF666 /* Assets.xcassets */; };
		8467F4F5254082FD00DFF666 /* LaunchScreen.storyboard in Resources */ = {isa = PBXBuildFile; fileRef = 8467F4F3254082FD00DFF666 /* LaunchScreen.storyboard */; };
		84719801255B2D17002098E3 /* DataModel.xcdatamodeld in Sources */ = {isa = PBXBuildFile; fileRef = 847197FF255B2D17002098E3 /* DataModel.xcdatamodeld */; };
		84719805255B30C3002098E3 /* DataModelManager.swift in Sources */ = {isa = PBXBuildFile; fileRef = 84719804255B30C3002098E3 /* DataModelManager.swift */; };
		84CB4D692546DED600F4DC5B /* WeatherTableViewCell.swift in Sources */ = {isa = PBXBuildFile; fileRef = 84CB4D682546DED600F4DC5B /* WeatherTableViewCell.swift */; };
		84CB4D6B2546EA8800F4DC5B /* AddCityTableViewCell.swift in Sources */ = {isa = PBXBuildFile; fileRef = 84CB4D6A2546EA8800F4DC5B /* AddCityTableViewCell.swift */; };
		F51FA2A42542E6F800C3B73C /* forecastViewController.swift in Sources */ = {isa = PBXBuildFile; fileRef = F51FA2A32542E6F800C3B73C /* forecastViewController.swift */; };
		F51FA2A82542E80D00C3B73C /* WeatherCardViewController.swift in Sources */ = {isa = PBXBuildFile; fileRef = F51FA2A72542E80D00C3B73C /* WeatherCardViewController.swift */; };
		F555110E2559FC3000C4CF97 /* FindCity.swift in Sources */ = {isa = PBXBuildFile; fileRef = F555110D2559FC3000C4CF97 /* FindCity.swift */; };
		F55511152559FDB200C4CF97 /* URLBase.swift in Sources */ = {isa = PBXBuildFile; fileRef = F55511142559FDB200C4CF97 /* URLBase.swift */; };
		F59FCFC7255BE47A000AFFA8 /* WeatherList.swift in Sources */ = {isa = PBXBuildFile; fileRef = F59FCFC6255BE47A000AFFA8 /* WeatherList.swift */; };
		F59FCFCB255BE4F6000AFFA8 /* CityForecast.swift in Sources */ = {isa = PBXBuildFile; fileRef = F59FCFCA255BE4F6000AFFA8 /* CityForecast.swift */; };
		F5B12AA22559BECC0093E004 /* AddCityViewController.swift in Sources */ = {isa = PBXBuildFile; fileRef = F5B12AA12559BECC0093E004 /* AddCityViewController.swift */; };
		F5C5ABF325755B4400063CF0 /* IconHelper.swift in Sources */ = {isa = PBXBuildFile; fileRef = F5C5ABF225755B4400063CF0 /* IconHelper.swift */; };
		F5D1E96D255AC46E00C3FCE4 /* NetworkExtension.framework in Frameworks */ = {isa = PBXBuildFile; fileRef = F5D1E96C255AC46E00C3FCE4 /* NetworkExtension.framework */; };
/* End PBXBuildFile section */

/* Begin PBXFileReference section */
		8467F4E2254082E900DFF666 /* WeatherApp.app */ = {isa = PBXFileReference; explicitFileType = wrapper.application; includeInIndex = 0; path = WeatherApp.app; sourceTree = BUILT_PRODUCTS_DIR; };
		8467F4E5254082E900DFF666 /* AppDelegate.swift */ = {isa = PBXFileReference; lastKnownFileType = sourcecode.swift; path = AppDelegate.swift; sourceTree = "<group>"; };
		8467F4E7254082E900DFF666 /* SceneDelegate.swift */ = {isa = PBXFileReference; lastKnownFileType = sourcecode.swift; path = SceneDelegate.swift; sourceTree = "<group>"; };
		8467F4E9254082E900DFF666 /* ViewController.swift */ = {isa = PBXFileReference; lastKnownFileType = sourcecode.swift; path = ViewController.swift; sourceTree = "<group>"; };
		8467F4EC254082E900DFF666 /* Base */ = {isa = PBXFileReference; lastKnownFileType = file.storyboard; name = Base; path = Base.lproj/Main.storyboard; sourceTree = "<group>"; };
		8467F4EF254082EA00DFF666 /* WeatherApp.xcdatamodel */ = {isa = PBXFileReference; lastKnownFileType = wrapper.xcdatamodel; path = WeatherApp.xcdatamodel; sourceTree = "<group>"; };
		8467F4F1254082FD00DFF666 /* Assets.xcassets */ = {isa = PBXFileReference; lastKnownFileType = folder.assetcatalog; path = Assets.xcassets; sourceTree = "<group>"; };
		8467F4F4254082FD00DFF666 /* Base */ = {isa = PBXFileReference; lastKnownFileType = file.storyboard; name = Base; path = Base.lproj/LaunchScreen.storyboard; sourceTree = "<group>"; };
		8467F4F6254082FD00DFF666 /* Info.plist */ = {isa = PBXFileReference; lastKnownFileType = text.plist.xml; path = Info.plist; sourceTree = "<group>"; };
		84719800255B2D17002098E3 /* WeatherApp.xcdatamodel */ = {isa = PBXFileReference; lastKnownFileType = wrapper.xcdatamodel; path = WeatherApp.xcdatamodel; sourceTree = "<group>"; };
		84719804255B30C3002098E3 /* DataModelManager.swift */ = {isa = PBXFileReference; lastKnownFileType = sourcecode.swift; path = DataModelManager.swift; sourceTree = "<group>"; };
		84CB4D682546DED600F4DC5B /* WeatherTableViewCell.swift */ = {isa = PBXFileReference; lastKnownFileType = sourcecode.swift; path = WeatherTableViewCell.swift; sourceTree = "<group>"; };
		84CB4D6A2546EA8800F4DC5B /* AddCityTableViewCell.swift */ = {isa = PBXFileReference; lastKnownFileType = sourcecode.swift; path = AddCityTableViewCell.swift; sourceTree = "<group>"; };
		F51FA2A32542E6F800C3B73C /* forecastViewController.swift */ = {isa = PBXFileReference; lastKnownFileType = sourcecode.swift; path = forecastViewController.swift; sourceTree = "<group>"; };
		F51FA2A72542E80D00C3B73C /* WeatherCardViewController.swift */ = {isa = PBXFileReference; lastKnownFileType = sourcecode.swift; path = WeatherCardViewController.swift; sourceTree = "<group>"; };
		F555110D2559FC3000C4CF97 /* FindCity.swift */ = {isa = PBXFileReference; lastKnownFileType = sourcecode.swift; path = FindCity.swift; sourceTree = "<group>"; };
		F55511142559FDB200C4CF97 /* URLBase.swift */ = {isa = PBXFileReference; lastKnownFileType = sourcecode.swift; path = URLBase.swift; sourceTree = "<group>"; };
		F59FCFC6255BE47A000AFFA8 /* WeatherList.swift */ = {isa = PBXFileReference; lastKnownFileType = sourcecode.swift; path = WeatherList.swift; sourceTree = "<group>"; };
		F59FCFCA255BE4F6000AFFA8 /* CityForecast.swift */ = {isa = PBXFileReference; lastKnownFileType = sourcecode.swift; path = CityForecast.swift; sourceTree = "<group>"; };
		F5B12AA12559BECC0093E004 /* AddCityViewController.swift */ = {isa = PBXFileReference; lastKnownFileType = sourcecode.swift; path = AddCityViewController.swift; sourceTree = "<group>"; };
		F5C5ABF225755B4400063CF0 /* IconHelper.swift */ = {isa = PBXFileReference; lastKnownFileType = sourcecode.swift; path = IconHelper.swift; sourceTree = "<group>"; };
		F5D1E96A255AC46D00C3FCE4 /* WeatherApp.entitlements */ = {isa = PBXFileReference; lastKnownFileType = text.plist.entitlements; path = WeatherApp.entitlements; sourceTree = "<group>"; };
		F5D1E96C255AC46E00C3FCE4 /* NetworkExtension.framework */ = {isa = PBXFileReference; lastKnownFileType = wrapper.framework; name = NetworkExtension.framework; path = System/Library/Frameworks/NetworkExtension.framework; sourceTree = SDKROOT; };
/* End PBXFileReference section */

/* Begin PBXFrameworksBuildPhase section */
		8467F4DF254082E900DFF666 /* Frameworks */ = {
			isa = PBXFrameworksBuildPhase;
			buildActionMask = 2147483647;
			files = (
				F5D1E96D255AC46E00C3FCE4 /* NetworkExtension.framework in Frameworks */,
			);
			runOnlyForDeploymentPostprocessing = 0;
		};
/* End PBXFrameworksBuildPhase section */

/* Begin PBXGroup section */
		8467F4D9254082E900DFF666 = {
			isa = PBXGroup;
			children = (
				8467F4E4254082E900DFF666 /* WeatherApp */,
				8467F4E3254082E900DFF666 /* Products */,
				F5D1E96B255AC46E00C3FCE4 /* Frameworks */,
			);
			sourceTree = "<group>";
		};
		8467F4E3254082E900DFF666 /* Products */ = {
			isa = PBXGroup;
			children = (
				8467F4E2254082E900DFF666 /* WeatherApp.app */,
			);
			name = Products;
			sourceTree = "<group>";
		};
		8467F4E4254082E900DFF666 /* WeatherApp */ = {
			isa = PBXGroup;
			children = (
				F5D1E96A255AC46D00C3FCE4 /* WeatherApp.entitlements */,
				F5CD168F2559CB53009E9775 /* Model */,
				8467F4E7254082E900DFF666 /* SceneDelegate.swift */,
				8467F4E5254082E900DFF666 /* AppDelegate.swift */,
				F59FCFCE255BF6CA000AFFA8 /* Controller */,
				8467F4EB254082E900DFF666 /* Main.storyboard */,
				8467F4F1254082FD00DFF666 /* Assets.xcassets */,
				8467F4F3254082FD00DFF666 /* LaunchScreen.storyboard */,
				8467F4F6254082FD00DFF666 /* Info.plist */,
				8467F4EE254082EA00DFF666 /* WeatherApp.xcdatamodeld */,
				F59FCFD1255BF6F2000AFFA8 /* View */,
			);
			path = WeatherApp;
			sourceTree = "<group>";
		};
		847197FE255B2C68002098E3 /* Database */ = {
			isa = PBXGroup;
			children = (
				847197FF255B2D17002098E3 /* DataModel.xcdatamodeld */,
				84719804255B30C3002098E3 /* DataModelManager.swift */,
			);
			path = Database;
			sourceTree = "<group>";
		};
		F59FCFC5255BE45D000AFFA8 /* WeatherList */ = {
			isa = PBXGroup;
			children = (
				F59FCFC6255BE47A000AFFA8 /* WeatherList.swift */,
			);
			path = WeatherList;
			sourceTree = "<group>";
		};
		F59FCFC9255BE4D8000AFFA8 /* Forecast */ = {
			isa = PBXGroup;
			children = (
				F59FCFCA255BE4F6000AFFA8 /* CityForecast.swift */,
			);
			path = Forecast;
			sourceTree = "<group>";
		};
		F59FCFCE255BF6CA000AFFA8 /* Controller */ = {
			isa = PBXGroup;
			children = (
				8467F4E9254082E900DFF666 /* ViewController.swift */,
				F5B12AA12559BECC0093E004 /* AddCityViewController.swift */,
				F51FA2A32542E6F800C3B73C /* forecastViewController.swift */,
				F51FA2A72542E80D00C3B73C /* WeatherCardViewController.swift */,
			);
			path = Controller;
			sourceTree = "<group>";
		};
		F59FCFD1255BF6F2000AFFA8 /* View */ = {
			isa = PBXGroup;
			children = (
				84CB4D682546DED600F4DC5B /* WeatherTableViewCell.swift */,
				84CB4D6A2546EA8800F4DC5B /* AddCityTableViewCell.swift */,
			);
			path = View;
			sourceTree = "<group>";
		};
		F5CD168F2559CB53009E9775 /* Model */ = {
			isa = PBXGroup;
			children = (
				847197FE255B2C68002098E3 /* Database */,
				F5CD16902559CB69009E9775 /* API */,
				F5C5ABF225755B4400063CF0 /* IconHelper.swift */,
			);
			path = Model;
			sourceTree = "<group>";
		};
		F5CD16902559CB69009E9775 /* API */ = {
			isa = PBXGroup;
			children = (
				F59FCFC9255BE4D8000AFFA8 /* Forecast */,
				F59FCFC5255BE45D000AFFA8 /* WeatherList */,
				F5D1E979255AD61B00C3FCE4 /* FindCity */,
				F55511142559FDB200C4CF97 /* URLBase.swift */,
			);
			path = API;
			sourceTree = "<group>";
		};
		F5D1E96B255AC46E00C3FCE4 /* Frameworks */ = {
			isa = PBXGroup;
			children = (
				F5D1E96C255AC46E00C3FCE4 /* NetworkExtension.framework */,
			);
			name = Frameworks;
			sourceTree = "<group>";
		};
		F5D1E979255AD61B00C3FCE4 /* FindCity */ = {
			isa = PBXGroup;
			children = (
				F555110D2559FC3000C4CF97 /* FindCity.swift */,
			);
			path = FindCity;
			sourceTree = "<group>";
		};
/* End PBXGroup section */

/* Begin PBXNativeTarget section */
		8467F4E1254082E900DFF666 /* WeatherApp */ = {
			isa = PBXNativeTarget;
			buildConfigurationList = 8467F4F9254082FD00DFF666 /* Build configuration list for PBXNativeTarget "WeatherApp" */;
			buildPhases = (
				8467F4DE254082E900DFF666 /* Sources */,
				8467F4DF254082E900DFF666 /* Frameworks */,
				8467F4E0254082E900DFF666 /* Resources */,
			);
			buildRules = (
			);
			dependencies = (
			);
			name = WeatherApp;
			productName = WeatherApp;
			productReference = 8467F4E2254082E900DFF666 /* WeatherApp.app */;
			productType = "com.apple.product-type.application";
		};
/* End PBXNativeTarget section */

/* Begin PBXProject section */
		8467F4DA254082E900DFF666 /* Project object */ = {
			isa = PBXProject;
			attributes = {
				LastSwiftUpdateCheck = 1170;
				LastUpgradeCheck = 1210;
				ORGANIZATIONNAME = WeatherApp;
				TargetAttributes = {
					8467F4E1254082E900DFF666 = {
						CreatedOnToolsVersion = 11.7;
					};
				};
			};
			buildConfigurationList = 8467F4DD254082E900DFF666 /* Build configuration list for PBXProject "WeatherApp" */;
			compatibilityVersion = "Xcode 9.3";
			developmentRegion = en;
			hasScannedForEncodings = 0;
			knownRegions = (
				en,
				Base,
			);
			mainGroup = 8467F4D9254082E900DFF666;
			productRefGroup = 8467F4E3254082E900DFF666 /* Products */;
			projectDirPath = "";
			projectRoot = "";
			targets = (
				8467F4E1254082E900DFF666 /* WeatherApp */,
			);
		};
/* End PBXProject section */

/* Begin PBXResourcesBuildPhase section */
		8467F4E0254082E900DFF666 /* Resources */ = {
			isa = PBXResourcesBuildPhase;
			buildActionMask = 2147483647;
			files = (
				8467F4F5254082FD00DFF666 /* LaunchScreen.storyboard in Resources */,
				8467F4F2254082FD00DFF666 /* Assets.xcassets in Resources */,
				8467F4ED254082E900DFF666 /* Main.storyboard in Resources */,
			);
			runOnlyForDeploymentPostprocessing = 0;
		};
/* End PBXResourcesBuildPhase section */

/* Begin PBXSourcesBuildPhase section */
		8467F4DE254082E900DFF666 /* Sources */ = {
			isa = PBXSourcesBuildPhase;
			buildActionMask = 2147483647;
			files = (
				F5C5ABF325755B4400063CF0 /* IconHelper.swift in Sources */,
				F59FCFCB255BE4F6000AFFA8 /* CityForecast.swift in Sources */,
				F51FA2A42542E6F800C3B73C /* forecastViewController.swift in Sources */,
				F55511152559FDB200C4CF97 /* URLBase.swift in Sources */,
				8467F4F0254082EA00DFF666 /* WeatherApp.xcdatamodeld in Sources */,
				84CB4D6B2546EA8800F4DC5B /* AddCityTableViewCell.swift in Sources */,
				84719801255B2D17002098E3 /* DataModel.xcdatamodeld in Sources */,
				84CB4D692546DED600F4DC5B /* WeatherTableViewCell.swift in Sources */,
				8467F4EA254082E900DFF666 /* ViewController.swift in Sources */,
				F555110E2559FC3000C4CF97 /* FindCity.swift in Sources */,
				84719805255B30C3002098E3 /* DataModelManager.swift in Sources */,
				8467F4E6254082E900DFF666 /* AppDelegate.swift in Sources */,
				F59FCFC7255BE47A000AFFA8 /* WeatherList.swift in Sources */,
				8467F4E8254082E900DFF666 /* SceneDelegate.swift in Sources */,
				F5B12AA22559BECC0093E004 /* AddCityViewController.swift in Sources */,
				F51FA2A82542E80D00C3B73C /* WeatherCardViewController.swift in Sources */,
			);
			runOnlyForDeploymentPostprocessing = 0;
		};
/* End PBXSourcesBuildPhase section */

/* Begin PBXVariantGroup section */
		8467F4EB254082E900DFF666 /* Main.storyboard */ = {
			isa = PBXVariantGroup;
			children = (
				8467F4EC254082E900DFF666 /* Base */,
			);
			name = Main.storyboard;
			sourceTree = "<group>";
		};
		8467F4F3254082FD00DFF666 /* LaunchScreen.storyboard */ = {
			isa = PBXVariantGroup;
			children = (
				8467F4F4254082FD00DFF666 /* Base */,
			);
			name = LaunchScreen.storyboard;
			sourceTree = "<group>";
		};
/* End PBXVariantGroup section */

/* Begin XCBuildConfiguration section */
		8467F4F7254082FD00DFF666 /* Debug */ = {
			isa = XCBuildConfiguration;
			buildSettings = {
				ALWAYS_SEARCH_USER_PATHS = NO;
				CLANG_ANALYZER_NONNULL = YES;
				CLANG_ANALYZER_NUMBER_OBJECT_CONVERSION = YES_AGGRESSIVE;
				CLANG_CXX_LANGUAGE_STANDARD = "gnu++14";
				CLANG_CXX_LIBRARY = "libc++";
				CLANG_ENABLE_MODULES = YES;
				CLANG_ENABLE_OBJC_ARC = YES;
				CLANG_ENABLE_OBJC_WEAK = YES;
				CLANG_WARN_BLOCK_CAPTURE_AUTORELEASING = YES;
				CLANG_WARN_BOOL_CONVERSION = YES;
				CLANG_WARN_COMMA = YES;
				CLANG_WARN_CONSTANT_CONVERSION = YES;
				CLANG_WARN_DEPRECATED_OBJC_IMPLEMENTATIONS = YES;
				CLANG_WARN_DIRECT_OBJC_ISA_USAGE = YES_ERROR;
				CLANG_WARN_DOCUMENTATION_COMMENTS = YES;
				CLANG_WARN_EMPTY_BODY = YES;
				CLANG_WARN_ENUM_CONVERSION = YES;
				CLANG_WARN_INFINITE_RECURSION = YES;
				CLANG_WARN_INT_CONVERSION = YES;
				CLANG_WARN_NON_LITERAL_NULL_CONVERSION = YES;
				CLANG_WARN_OBJC_IMPLICIT_RETAIN_SELF = YES;
				CLANG_WARN_OBJC_LITERAL_CONVERSION = YES;
				CLANG_WARN_OBJC_ROOT_CLASS = YES_ERROR;
				CLANG_WARN_QUOTED_INCLUDE_IN_FRAMEWORK_HEADER = YES;
				CLANG_WARN_RANGE_LOOP_ANALYSIS = YES;
				CLANG_WARN_STRICT_PROTOTYPES = YES;
				CLANG_WARN_SUSPICIOUS_MOVE = YES;
				CLANG_WARN_UNGUARDED_AVAILABILITY = YES_AGGRESSIVE;
				CLANG_WARN_UNREACHABLE_CODE = YES;
				CLANG_WARN__DUPLICATE_METHOD_MATCH = YES;
				COPY_PHASE_STRIP = NO;
				DEBUG_INFORMATION_FORMAT = dwarf;
				ENABLE_STRICT_OBJC_MSGSEND = YES;
				ENABLE_TESTABILITY = YES;
				GCC_C_LANGUAGE_STANDARD = gnu11;
				GCC_DYNAMIC_NO_PIC = NO;
				GCC_NO_COMMON_BLOCKS = YES;
				GCC_OPTIMIZATION_LEVEL = 0;
				GCC_PREPROCESSOR_DEFINITIONS = (
					"DEBUG=1",
					"$(inherited)",
				);
				GCC_WARN_64_TO_32_BIT_CONVERSION = YES;
				GCC_WARN_ABOUT_RETURN_TYPE = YES_ERROR;
				GCC_WARN_UNDECLARED_SELECTOR = YES;
				GCC_WARN_UNINITIALIZED_AUTOS = YES_AGGRESSIVE;
				GCC_WARN_UNUSED_FUNCTION = YES;
				GCC_WARN_UNUSED_VARIABLE = YES;
				IPHONEOS_DEPLOYMENT_TARGET = 13.7;
				MTL_ENABLE_DEBUG_INFO = INCLUDE_SOURCE;
				MTL_FAST_MATH = YES;
				ONLY_ACTIVE_ARCH = YES;
				SDKROOT = iphoneos;
				SWIFT_ACTIVE_COMPILATION_CONDITIONS = DEBUG;
				SWIFT_OPTIMIZATION_LEVEL = "-Onone";
			};
			name = Debug;
		};
		8467F4F8254082FD00DFF666 /* Release */ = {
			isa = XCBuildConfiguration;
			buildSettings = {
				ALWAYS_SEARCH_USER_PATHS = NO;
				CLANG_ANALYZER_NONNULL = YES;
				CLANG_ANALYZER_NUMBER_OBJECT_CONVERSION = YES_AGGRESSIVE;
				CLANG_CXX_LANGUAGE_STANDARD = "gnu++14";
				CLANG_CXX_LIBRARY = "libc++";
				CLANG_ENABLE_MODULES = YES;
				CLANG_ENABLE_OBJC_ARC = YES;
				CLANG_ENABLE_OBJC_WEAK = YES;
				CLANG_WARN_BLOCK_CAPTURE_AUTORELEASING = YES;
				CLANG_WARN_BOOL_CONVERSION = YES;
				CLANG_WARN_COMMA = YES;
				CLANG_WARN_CONSTANT_CONVERSION = YES;
				CLANG_WARN_DEPRECATED_OBJC_IMPLEMENTATIONS = YES;
				CLANG_WARN_DIRECT_OBJC_ISA_USAGE = YES_ERROR;
				CLANG_WARN_DOCUMENTATION_COMMENTS = YES;
				CLANG_WARN_EMPTY_BODY = YES;
				CLANG_WARN_ENUM_CONVERSION = YES;
				CLANG_WARN_INFINITE_RECURSION = YES;
				CLANG_WARN_INT_CONVERSION = YES;
				CLANG_WARN_NON_LITERAL_NULL_CONVERSION = YES;
				CLANG_WARN_OBJC_IMPLICIT_RETAIN_SELF = YES;
				CLANG_WARN_OBJC_LITERAL_CONVERSION = YES;
				CLANG_WARN_OBJC_ROOT_CLASS = YES_ERROR;
				CLANG_WARN_QUOTED_INCLUDE_IN_FRAMEWORK_HEADER = YES;
				CLANG_WARN_RANGE_LOOP_ANALYSIS = YES;
				CLANG_WARN_STRICT_PROTOTYPES = YES;
				CLANG_WARN_SUSPICIOUS_MOVE = YES;
				CLANG_WARN_UNGUARDED_AVAILABILITY = YES_AGGRESSIVE;
				CLANG_WARN_UNREACHABLE_CODE = YES;
				CLANG_WARN__DUPLICATE_METHOD_MATCH = YES;
				COPY_PHASE_STRIP = NO;
				DEBUG_INFORMATION_FORMAT = "dwarf-with-dsym";
				ENABLE_NS_ASSERTIONS = NO;
				ENABLE_STRICT_OBJC_MSGSEND = YES;
				GCC_C_LANGUAGE_STANDARD = gnu11;
				GCC_NO_COMMON_BLOCKS = YES;
				GCC_WARN_64_TO_32_BIT_CONVERSION = YES;
				GCC_WARN_ABOUT_RETURN_TYPE = YES_ERROR;
				GCC_WARN_UNDECLARED_SELECTOR = YES;
				GCC_WARN_UNINITIALIZED_AUTOS = YES_AGGRESSIVE;
				GCC_WARN_UNUSED_FUNCTION = YES;
				GCC_WARN_UNUSED_VARIABLE = YES;
				IPHONEOS_DEPLOYMENT_TARGET = 13.7;
				MTL_ENABLE_DEBUG_INFO = NO;
				MTL_FAST_MATH = YES;
				SDKROOT = iphoneos;
				SWIFT_COMPILATION_MODE = wholemodule;
				SWIFT_OPTIMIZATION_LEVEL = "-O";
				VALIDATE_PRODUCT = YES;
			};
			name = Release;
		};
		8467F4FA254082FD00DFF666 /* Debug */ = {
			isa = XCBuildConfiguration;
			buildSettings = {
				ASSETCATALOG_COMPILER_APPICON_NAME = AppIcon;
				CODE_SIGN_ENTITLEMENTS = WeatherApp/WeatherApp.entitlements;
				CODE_SIGN_STYLE = Automatic;
				DEVELOPMENT_TEAM = VBYP769GD7;
				INFOPLIST_FILE = WeatherApp/Info.plist;
				LD_RUNPATH_SEARCH_PATHS = (
					"$(inherited)",
					"@executable_path/Frameworks",
				);
				PRODUCT_BUNDLE_IDENTIFIER = com.appcoda.WeatherApp;
				PRODUCT_NAME = "$(TARGET_NAME)";
				SWIFT_VERSION = 5.0;
				TARGETED_DEVICE_FAMILY = "1,2";
			};
			name = Debug;
		};
		8467F4FB254082FD00DFF666 /* Release */ = {
			isa = XCBuildConfiguration;
			buildSettings = {
				ASSETCATALOG_COMPILER_APPICON_NAME = AppIcon;
				CODE_SIGN_ENTITLEMENTS = WeatherApp/WeatherApp.entitlements;
				CODE_SIGN_STYLE = Automatic;
				DEVELOPMENT_TEAM = VBYP769GD7;
				INFOPLIST_FILE = WeatherApp/Info.plist;
				LD_RUNPATH_SEARCH_PATHS = (
					"$(inherited)",
					"@executable_path/Frameworks",
				);
				PRODUCT_BUNDLE_IDENTIFIER = com.appcoda.WeatherApp;
				PRODUCT_NAME = "$(TARGET_NAME)";
				SWIFT_VERSION = 5.0;
				TARGETED_DEVICE_FAMILY = "1,2";
			};
			name = Release;
		};
/* End XCBuildConfiguration section */

/* Begin XCConfigurationList section */
		8467F4DD254082E900DFF666 /* Build configuration list for PBXProject "WeatherApp" */ = {
			isa = XCConfigurationList;
			buildConfigurations = (
				8467F4F7254082FD00DFF666 /* Debug */,
				8467F4F8254082FD00DFF666 /* Release */,
			);
			defaultConfigurationIsVisible = 0;
			defaultConfigurationName = Release;
		};
		8467F4F9254082FD00DFF666 /* Build configuration list for PBXNativeTarget "WeatherApp" */ = {
			isa = XCConfigurationList;
			buildConfigurations = (
				8467F4FA254082FD00DFF666 /* Debug */,
				8467F4FB254082FD00DFF666 /* Release */,
			);
			defaultConfigurationIsVisible = 0;
			defaultConfigurationName = Release;
		};
/* End XCConfigurationList section */

/* Begin XCVersionGroup section */
		8467F4EE254082EA00DFF666 /* WeatherApp.xcdatamodeld */ = {
			isa = XCVersionGroup;
			children = (
				8467F4EF254082EA00DFF666 /* WeatherApp.xcdatamodel */,
			);
			currentVersion = 8467F4EF254082EA00DFF666 /* WeatherApp.xcdatamodel */;
			path = WeatherApp.xcdatamodeld;
			sourceTree = "<group>";
			versionGroupType = wrapper.xcdatamodel;
		};
		847197FF255B2D17002098E3 /* DataModel.xcdatamodeld */ = {
			isa = XCVersionGroup;
			children = (
				84719800255B2D17002098E3 /* WeatherApp.xcdatamodel */,
			);
			currentVersion = 84719800255B2D17002098E3 /* WeatherApp.xcdatamodel */;
			path = DataModel.xcdatamodeld;
			sourceTree = "<group>";
			versionGroupType = wrapper.xcdatamodel;
		};
/* End XCVersionGroup section */
	};
	rootObject = 8467F4DA254082E900DFF666 /* Project object */;
}
